
Microsoft Visual Studio Solution File, Format Version 12.00
# Visual Studio Version 16
VisualStudioVersion = 16.0.28803.352
MinimumVisualStudioVersion = 10.0.40219.1
Project("{9A19103F-16F7-4668-BE54-9A1E7A4F7556}") = "POSE.Web", "POSE.Web\POSE.Web.csproj", "{C469BE73-323C-425C-A091-D40DA2340745}"
EndProject
Project("{9A19103F-16F7-4668-BE54-9A1E7A4F7556}") = "POSE.Data", "POSE.Data\POSE.Data.csproj", "{C9AA5DD8-3C14-4760-9929-606688A58C55}"
EndProject
Project("{9A19103F-16F7-4668-BE54-9A1E7A4F7556}") = "POSE.Domain", "POSE.Domain\POSE.Domain.csproj", "{4286B283-F6B3-4BFA-9440-25CF51CFD0D4}"
EndProject
Project("{9A19103F-16F7-4668-BE54-9A1E7A4F7556}") = "POSE.Services", "POSE.Services\POSE.Services.csproj", "{00E6816F-2AF1-4CE6-B697-9B77B71E657F}"
EndProject
Project("{FAE04EC0-301F-11D3-BF4B-00C04F79EFBC}") = "POSE Tests", "POSE Tests\POSE Tests.csproj", "{7C9E6CBC-EF63-4083-AF8C-F845A902D5EA}"
EndProject
Global
	GlobalSection(SolutionConfigurationPlatforms) = preSolution
		Debug|Any CPU = Debug|Any CPU
		Release|Any CPU = Release|Any CPU
	EndGlobalSection
	GlobalSection(ProjectConfigurationPlatforms) = postSolution
		{C469BE73-323C-425C-A091-D40DA2340745}.Debug|Any CPU.ActiveCfg = Debug|Any CPU
		{C469BE73-323C-425C-A091-D40DA2340745}.Debug|Any CPU.Build.0 = Debug|Any CPU
		{C469BE73-323C-425C-A091-D40DA2340745}.Release|Any CPU.ActiveCfg = Release|Any CPU
		{C469BE73-323C-425C-A091-D40DA2340745}.Release|Any CPU.Build.0 = Release|Any CPU
		{C9AA5DD8-3C14-4760-9929-606688A58C55}.Debug|Any CPU.ActiveCfg = Debug|Any CPU
		{C9AA5DD8-3C14-4760-9929-606688A58C55}.Debug|Any CPU.Build.0 = Debug|Any CPU
		{C9AA5DD8-3C14-4760-9929-606688A58C55}.Release|Any CPU.ActiveCfg = Release|Any CPU
		{C9AA5DD8-3C14-4760-9929-606688A58C55}.Release|Any CPU.Build.0 = Release|Any CPU
		{4286B283-F6B3-4BFA-9440-25CF51CFD0D4}.Debug|Any CPU.ActiveCfg = Debug|Any CPU
		{4286B283-F6B3-4BFA-9440-25CF51CFD0D4}.Debug|Any CPU.Build.0 = Debug|Any CPU
		{4286B283-F6B3-4BFA-9440-25CF51CFD0D4}.Release|Any CPU.ActiveCfg = Release|Any CPU
		{4286B283-F6B3-4BFA-9440-25CF51CFD0D4}.Release|Any CPU.Build.0 = Release|Any CPU
		{00E6816F-2AF1-4CE6-B697-9B77B71E657F}.Debug|Any CPU.ActiveCfg = Debug|Any CPU
		{00E6816F-2AF1-4CE6-B697-9B77B71E657F}.Debug|Any CPU.Build.0 = Debug|Any CPU
		{00E6816F-2AF1-4CE6-B697-9B77B71E657F}.Release|Any CPU.ActiveCfg = Release|Any CPU
		{00E6816F-2AF1-4CE6-B697-9B77B71E657F}.Release|Any CPU.Build.0 = Release|Any CPU
		{7C9E6CBC-EF63-4083-AF8C-F845A902D5EA}.Debug|Any CPU.ActiveCfg = Debug|Any CPU
		{7C9E6CBC-EF63-4083-AF8C-F845A902D5EA}.Debug|Any CPU.Build.0 = Debug|Any CPU
		{7C9E6CBC-EF63-4083-AF8C-F845A902D5EA}.Release|Any CPU.ActiveCfg = Release|Any CPU
		{7C9E6CBC-EF63-4083-AF8C-F845A902D5EA}.Release|Any CPU.Build.0 = Release|Any CPU
	EndGlobalSection
	GlobalSection(SolutionProperties) = preSolution
		HideSolutionNode = FALSE
	EndGlobalSection
	GlobalSection(ExtensibilityGlobals) = postSolution
		SolutionGuid = {9308EB34-1A70-4BDB-8BCE-19109AE8BC50}
	EndGlobalSection
EndGlobal
